
Microsoft Visual Studio Solution File, Format Version 11.00
# Visual Studio 2010
# SharpDevelop 5.1
Project("{FAE04EC0-301F-11D3-BF4B-00C04F79EFBC}") = "XYORAS Safari Mirage Tool", "XYORAS Safari Mirage Tool\XYORAS Safari Mirage Tool.csproj", "{8E067B09-FD68-4FD1-AC34-D0A1F77BFEBD}"
EndProject
Global
	GlobalSection(SolutionConfigurationPlatforms) = preSolution
		Debug|Any CPU = Debug|Any CPU
		Release|Any CPU = Release|Any CPU
	EndGlobalSection
	GlobalSection(ProjectConfigurationPlatforms) = postSolution
		{8E067B09-FD68-4FD1-AC34-D0A1F77BFEBD}.Debug|Any CPU.ActiveCfg = Debug|Any CPU
		{8E067B09-FD68-4FD1-AC34-D0A1F77BFEBD}.Debug|Any CPU.Build.0 = Debug|Any CPU
		{8E067B09-FD68-4FD1-AC34-D0A1F77BFEBD}.Release|Any CPU.ActiveCfg = Release|Any CPU
		{8E067B09-FD68-4FD1-AC34-D0A1F77BFEBD}.Release|Any CPU.Build.0 = Release|Any CPU
	EndGlobalSection
EndGlobal
